// !$*UTF8*$!
{
	archiveVersion = 1;
	classes = {
	};
	objectVersion = 56;
	objects = {

/* Begin PBXBuildFile section */
		478FDEA1A75B28FEC1E9D912 /* Pods_moviessl.framework in Frameworks */ = {isa = PBXBuildFile; fileRef = D96F318D5AC1C3BD69CDE320 /* Pods_moviessl.framework */; };
		7027DAAA2C3A368100FBB534 /* ShowTableViewCell.swift in Sources */ = {isa = PBXBuildFile; fileRef = 7027DAA82C3A368100FBB534 /* ShowTableViewCell.swift */; };
		7027DAAB2C3A368100FBB534 /* ShowTableViewCell.xib in Resources */ = {isa = PBXBuildFile; fileRef = 7027DAA92C3A368100FBB534 /* ShowTableViewCell.xib */; };
		7027DAAE2C3A45B900FBB534 /* DownloadImages.swift in Sources */ = {isa = PBXBuildFile; fileRef = 7027DAAD2C3A45B900FBB534 /* DownloadImages.swift */; };
		7027DAB02C3A45F700FBB534 /* ImageSource.swift in Sources */ = {isa = PBXBuildFile; fileRef = 7027DAAF2C3A45F700FBB534 /* ImageSource.swift */; };
		7027DAB82C3A4CF900FBB534 /* DetailsPresenter.swift in Sources */ = {isa = PBXBuildFile; fileRef = 7027DAB22C3A4CF900FBB534 /* DetailsPresenter.swift */; };
		7027DAB92C3A4CF900FBB534 /* DetailsRouter.swift in Sources */ = {isa = PBXBuildFile; fileRef = 7027DAB32C3A4CF900FBB534 /* DetailsRouter.swift */; };
		7027DABA2C3A4CF900FBB534 /* DetailsViewController.swift in Sources */ = {isa = PBXBuildFile; fileRef = 7027DAB42C3A4CF900FBB534 /* DetailsViewController.swift */; };
		7027DABB2C3A4CF900FBB534 /* DetailsProtocols.swift in Sources */ = {isa = PBXBuildFile; fileRef = 7027DAB52C3A4CF900FBB534 /* DetailsProtocols.swift */; };
		7027DABC2C3A4CF900FBB534 /* DetailsInteractor.swift in Sources */ = {isa = PBXBuildFile; fileRef = 7027DAB62C3A4CF900FBB534 /* DetailsInteractor.swift */; };
		7027DABD2C3A4CF900FBB534 /* DetailsViewController.xib in Resources */ = {isa = PBXBuildFile; fileRef = 7027DAB72C3A4CF900FBB534 /* DetailsViewController.xib */; };
		7027DAC02C3A658500FBB534 /* WebModal.swift in Sources */ = {isa = PBXBuildFile; fileRef = 7027DABF2C3A658500FBB534 /* WebModal.swift */; };
		7027DAC32C3A691000FBB534 /* DataManager.swift in Sources */ = {isa = PBXBuildFile; fileRef = 7027DAC22C3A691000FBB534 /* DataManager.swift */; };
		706B45652C37BE8D00896E58 /* AppDelegate.swift in Sources */ = {isa = PBXBuildFile; fileRef = 706B45642C37BE8D00896E58 /* AppDelegate.swift */; };
		706B45672C37BE8D00896E58 /* SceneDelegate.swift in Sources */ = {isa = PBXBuildFile; fileRef = 706B45662C37BE8D00896E58 /* SceneDelegate.swift */; };
		706B456C2C37BE8D00896E58 /* Base in Resources */ = {isa = PBXBuildFile; fileRef = 706B456B2C37BE8D00896E58 /* Base */; };
		706B456E2C37BE8E00896E58 /* Assets.xcassets in Resources */ = {isa = PBXBuildFile; fileRef = 706B456D2C37BE8E00896E58 /* Assets.xcassets */; };
		706B45712C37BE8E00896E58 /* Base in Resources */ = {isa = PBXBuildFile; fileRef = 706B45702C37BE8E00896E58 /* Base */; };
		706B457D2C37C2B000896E58 /* Extensions.swift in Sources */ = {isa = PBXBuildFile; fileRef = 706B457C2C37C2B000896E58 /* Extensions.swift */; };
		706B45852C37C39B00896E58 /* LoginPresenter.swift in Sources */ = {isa = PBXBuildFile; fileRef = 706B457F2C37C39B00896E58 /* LoginPresenter.swift */; };
		706B45862C37C39B00896E58 /* LoginRouter.swift in Sources */ = {isa = PBXBuildFile; fileRef = 706B45802C37C39B00896E58 /* LoginRouter.swift */; };
		706B45872C37C39B00896E58 /* LoginViewController.swift in Sources */ = {isa = PBXBuildFile; fileRef = 706B45812C37C39B00896E58 /* LoginViewController.swift */; };
		706B45882C37C39B00896E58 /* LoginProtocols.swift in Sources */ = {isa = PBXBuildFile; fileRef = 706B45822C37C39B00896E58 /* LoginProtocols.swift */; };
		706B45892C37C39B00896E58 /* LoginInteractor.swift in Sources */ = {isa = PBXBuildFile; fileRef = 706B45832C37C39B00896E58 /* LoginInteractor.swift */; };
		706B458D2C37C4B900896E58 /* MoviesServicesManager.swift in Sources */ = {isa = PBXBuildFile; fileRef = 706B458C2C37C4B900896E58 /* MoviesServicesManager.swift */; };
		706B458F2C37C4C400896E58 /* MoviesServicesManagerProtocol.swift in Sources */ = {isa = PBXBuildFile; fileRef = 706B458E2C37C4C400896E58 /* MoviesServicesManagerProtocol.swift */; };
		706B45912C37C50600896E58 /* AsyncClientRequest.swift in Sources */ = {isa = PBXBuildFile; fileRef = 706B45902C37C50600896E58 /* AsyncClientRequest.swift */; };
		706B45962C37C58C00896E58 /* Utils.swift in Sources */ = {isa = PBXBuildFile; fileRef = 706B45952C37C58C00896E58 /* Utils.swift */; };
		706B45982C37C73A00896E58 /* AsyncClientMoviesRequestModel.swift in Sources */ = {isa = PBXBuildFile; fileRef = 706B45972C37C73A00896E58 /* AsyncClientMoviesRequestModel.swift */; };
		706B45A22C38AFA300896E58 /* SignupPresenter.swift in Sources */ = {isa = PBXBuildFile; fileRef = 706B459C2C38AFA300896E58 /* SignupPresenter.swift */; };
		706B45A32C38AFA300896E58 /* SignupRouter.swift in Sources */ = {isa = PBXBuildFile; fileRef = 706B459D2C38AFA300896E58 /* SignupRouter.swift */; };
		706B45A42C38AFA300896E58 /* SignupViewController.swift in Sources */ = {isa = PBXBuildFile; fileRef = 706B459E2C38AFA300896E58 /* SignupViewController.swift */; };
		706B45A52C38AFA300896E58 /* SignupProtocols.swift in Sources */ = {isa = PBXBuildFile; fileRef = 706B459F2C38AFA300896E58 /* SignupProtocols.swift */; };
		706B45A62C38AFA300896E58 /* SignupInteractor.swift in Sources */ = {isa = PBXBuildFile; fileRef = 706B45A02C38AFA300896E58 /* SignupInteractor.swift */; };
		706B45A72C38AFA300896E58 /* SignupViewController.xib in Resources */ = {isa = PBXBuildFile; fileRef = 706B45A12C38AFA300896E58 /* SignupViewController.xib */; };
		706B45A92C38BAB100896E58 /* LoginEntity.swift in Sources */ = {isa = PBXBuildFile; fileRef = 706B45A82C38BAB100896E58 /* LoginEntity.swift */; };
		706B45B12C39167700896E58 /* HomePresenter.swift in Sources */ = {isa = PBXBuildFile; fileRef = 706B45AB2C39167700896E58 /* HomePresenter.swift */; };
		706B45B22C39167700896E58 /* HomeRouter.swift in Sources */ = {isa = PBXBuildFile; fileRef = 706B45AC2C39167700896E58 /* HomeRouter.swift */; };
		706B45B32C39167700896E58 /* HomeViewController.swift in Sources */ = {isa = PBXBuildFile; fileRef = 706B45AD2C39167700896E58 /* HomeViewController.swift */; };
		706B45B42C39167700896E58 /* HomeProtocols.swift in Sources */ = {isa = PBXBuildFile; fileRef = 706B45AE2C39167700896E58 /* HomeProtocols.swift */; };
		706B45B52C39167700896E58 /* HomeInteractor.swift in Sources */ = {isa = PBXBuildFile; fileRef = 706B45AF2C39167700896E58 /* HomeInteractor.swift */; };
		706B45B62C39167700896E58 /* HomeViewController.xib in Resources */ = {isa = PBXBuildFile; fileRef = 706B45B02C39167700896E58 /* HomeViewController.xib */; };
		706B45B82C391E4700896E58 /* HomeEntity.swift in Sources */ = {isa = PBXBuildFile; fileRef = 706B45B72C391E4700896E58 /* HomeEntity.swift */; };
		706B45BC2C39C30D00896E58 /* HeaderView.swift in Sources */ = {isa = PBXBuildFile; fileRef = 706B45BB2C39C30D00896E58 /* HeaderView.swift */; };
		706B45BE2C39C31500896E58 /* HeaderView.xib in Resources */ = {isa = PBXBuildFile; fileRef = 706B45BD2C39C31500896E58 /* HeaderView.xib */; };
		706B45C72C3A1A1900896E58 /* ShowViewCell.swift in Sources */ = {isa = PBXBuildFile; fileRef = 706B45C52C3A1A1900896E58 /* ShowViewCell.swift */; };
		706B45C82C3A1A1900896E58 /* ShowViewCell.xib in Resources */ = {isa = PBXBuildFile; fileRef = 706B45C62C3A1A1900896E58 /* ShowViewCell.xib */; };
/* End PBXBuildFile section */

/* Begin PBXFileReference section */
		4CA506402566F5E32F331E38 /* Pods-moviessl.debug.xcconfig */ = {isa = PBXFileReference; includeInIndex = 1; lastKnownFileType = text.xcconfig; name = "Pods-moviessl.debug.xcconfig"; path = "Target Support Files/Pods-moviessl/Pods-moviessl.debug.xcconfig"; sourceTree = "<group>"; };
		7027DAA82C3A368100FBB534 /* ShowTableViewCell.swift */ = {isa = PBXFileReference; lastKnownFileType = sourcecode.swift; path = ShowTableViewCell.swift; sourceTree = "<group>"; };
		7027DAA92C3A368100FBB534 /* ShowTableViewCell.xib */ = {isa = PBXFileReference; lastKnownFileType = file.xib; path = ShowTableViewCell.xib; sourceTree = "<group>"; };
		7027DAAD2C3A45B900FBB534 /* DownloadImages.swift */ = {isa = PBXFileReference; lastKnownFileType = sourcecode.swift; path = DownloadImages.swift; sourceTree = "<group>"; };
		7027DAAF2C3A45F700FBB534 /* ImageSource.swift */ = {isa = PBXFileReference; lastKnownFileType = sourcecode.swift; path = ImageSource.swift; sourceTree = "<group>"; };
		7027DAB22C3A4CF900FBB534 /* DetailsPresenter.swift */ = {isa = PBXFileReference; lastKnownFileType = sourcecode.swift; path = DetailsPresenter.swift; sourceTree = "<group>"; };
		7027DAB32C3A4CF900FBB534 /* DetailsRouter.swift */ = {isa = PBXFileReference; lastKnownFileType = sourcecode.swift; path = DetailsRouter.swift; sourceTree = "<group>"; };
		7027DAB42C3A4CF900FBB534 /* DetailsViewController.swift */ = {isa = PBXFileReference; lastKnownFileType = sourcecode.swift; path = DetailsViewController.swift; sourceTree = "<group>"; };
		7027DAB52C3A4CF900FBB534 /* DetailsProtocols.swift */ = {isa = PBXFileReference; lastKnownFileType = sourcecode.swift; path = DetailsProtocols.swift; sourceTree = "<group>"; };
		7027DAB62C3A4CF900FBB534 /* DetailsInteractor.swift */ = {isa = PBXFileReference; lastKnownFileType = sourcecode.swift; path = DetailsInteractor.swift; sourceTree = "<group>"; };
		7027DAB72C3A4CF900FBB534 /* DetailsViewController.xib */ = {isa = PBXFileReference; lastKnownFileType = file.xib; path = DetailsViewController.xib; sourceTree = "<group>"; };
		7027DABF2C3A658500FBB534 /* WebModal.swift */ = {isa = PBXFileReference; lastKnownFileType = sourcecode.swift; path = WebModal.swift; sourceTree = "<group>"; };
		7027DAC22C3A691000FBB534 /* DataManager.swift */ = {isa = PBXFileReference; lastKnownFileType = sourcecode.swift; path = DataManager.swift; sourceTree = "<group>"; };
		706B45612C37BE8D00896E58 /* moviessl.app */ = {isa = PBXFileReference; explicitFileType = wrapper.application; includeInIndex = 0; path = moviessl.app; sourceTree = BUILT_PRODUCTS_DIR; };
		706B45642C37BE8D00896E58 /* AppDelegate.swift */ = {isa = PBXFileReference; lastKnownFileType = sourcecode.swift; path = AppDelegate.swift; sourceTree = "<group>"; };
		706B45662C37BE8D00896E58 /* SceneDelegate.swift */ = {isa = PBXFileReference; lastKnownFileType = sourcecode.swift; path = SceneDelegate.swift; sourceTree = "<group>"; };
		706B456B2C37BE8D00896E58 /* Base */ = {isa = PBXFileReference; lastKnownFileType = file.storyboard; name = Base; path = Base.lproj/LoginViewController.storyboard; sourceTree = "<group>"; };
		706B456D2C37BE8E00896E58 /* Assets.xcassets */ = {isa = PBXFileReference; lastKnownFileType = folder.assetcatalog; path = Assets.xcassets; sourceTree = "<group>"; };
		706B45702C37BE8E00896E58 /* Base */ = {isa = PBXFileReference; lastKnownFileType = file.storyboard; name = Base; path = Base.lproj/LaunchScreen.storyboard; sourceTree = "<group>"; };
		706B45722C37BE8E00896E58 /* Info.plist */ = {isa = PBXFileReference; lastKnownFileType = text.plist.xml; path = Info.plist; sourceTree = "<group>"; };
		706B457C2C37C2B000896E58 /* Extensions.swift */ = {isa = PBXFileReference; lastKnownFileType = sourcecode.swift; path = Extensions.swift; sourceTree = "<group>"; };
		706B457F2C37C39B00896E58 /* LoginPresenter.swift */ = {isa = PBXFileReference; lastKnownFileType = sourcecode.swift; path = LoginPresenter.swift; sourceTree = "<group>"; };
		706B45802C37C39B00896E58 /* LoginRouter.swift */ = {isa = PBXFileReference; lastKnownFileType = sourcecode.swift; path = LoginRouter.swift; sourceTree = "<group>"; };
		706B45812C37C39B00896E58 /* LoginViewController.swift */ = {isa = PBXFileReference; lastKnownFileType = sourcecode.swift; path = LoginViewController.swift; sourceTree = "<group>"; };
		706B45822C37C39B00896E58 /* LoginProtocols.swift */ = {isa = PBXFileReference; lastKnownFileType = sourcecode.swift; path = LoginProtocols.swift; sourceTree = "<group>"; };
		706B45832C37C39B00896E58 /* LoginInteractor.swift */ = {isa = PBXFileReference; lastKnownFileType = sourcecode.swift; path = LoginInteractor.swift; sourceTree = "<group>"; };
		706B458C2C37C4B900896E58 /* MoviesServicesManager.swift */ = {isa = PBXFileReference; lastKnownFileType = sourcecode.swift; path = MoviesServicesManager.swift; sourceTree = "<group>"; };
		706B458E2C37C4C400896E58 /* MoviesServicesManagerProtocol.swift */ = {isa = PBXFileReference; lastKnownFileType = sourcecode.swift; path = MoviesServicesManagerProtocol.swift; sourceTree = "<group>"; };
		706B45902C37C50600896E58 /* AsyncClientRequest.swift */ = {isa = PBXFileReference; lastKnownFileType = sourcecode.swift; path = AsyncClientRequest.swift; sourceTree = "<group>"; };
		706B45952C37C58C00896E58 /* Utils.swift */ = {isa = PBXFileReference; lastKnownFileType = sourcecode.swift; path = Utils.swift; sourceTree = "<group>"; };
		706B45972C37C73A00896E58 /* AsyncClientMoviesRequestModel.swift */ = {isa = PBXFileReference; lastKnownFileType = sourcecode.swift; path = AsyncClientMoviesRequestModel.swift; sourceTree = "<group>"; };
		706B459C2C38AFA300896E58 /* SignupPresenter.swift */ = {isa = PBXFileReference; lastKnownFileType = sourcecode.swift; path = SignupPresenter.swift; sourceTree = "<group>"; };
		706B459D2C38AFA300896E58 /* SignupRouter.swift */ = {isa = PBXFileReference; lastKnownFileType = sourcecode.swift; path = SignupRouter.swift; sourceTree = "<group>"; };
		706B459E2C38AFA300896E58 /* SignupViewController.swift */ = {isa = PBXFileReference; lastKnownFileType = sourcecode.swift; path = SignupViewController.swift; sourceTree = "<group>"; };
		706B459F2C38AFA300896E58 /* SignupProtocols.swift */ = {isa = PBXFileReference; lastKnownFileType = sourcecode.swift; path = SignupProtocols.swift; sourceTree = "<group>"; };
		706B45A02C38AFA300896E58 /* SignupInteractor.swift */ = {isa = PBXFileReference; lastKnownFileType = sourcecode.swift; path = SignupInteractor.swift; sourceTree = "<group>"; };
		706B45A12C38AFA300896E58 /* SignupViewController.xib */ = {isa = PBXFileReference; lastKnownFileType = file.xib; path = SignupViewController.xib; sourceTree = "<group>"; };
		706B45A82C38BAB100896E58 /* LoginEntity.swift */ = {isa = PBXFileReference; lastKnownFileType = sourcecode.swift; path = LoginEntity.swift; sourceTree = "<group>"; };
		706B45AB2C39167700896E58 /* HomePresenter.swift */ = {isa = PBXFileReference; lastKnownFileType = sourcecode.swift; path = HomePresenter.swift; sourceTree = "<group>"; };
		706B45AC2C39167700896E58 /* HomeRouter.swift */ = {isa = PBXFileReference; lastKnownFileType = sourcecode.swift; path = HomeRouter.swift; sourceTree = "<group>"; };
		706B45AD2C39167700896E58 /* HomeViewController.swift */ = {isa = PBXFileReference; lastKnownFileType = sourcecode.swift; path = HomeViewController.swift; sourceTree = "<group>"; };
		706B45AE2C39167700896E58 /* HomeProtocols.swift */ = {isa = PBXFileReference; lastKnownFileType = sourcecode.swift; path = HomeProtocols.swift; sourceTree = "<group>"; };
		706B45AF2C39167700896E58 /* HomeInteractor.swift */ = {isa = PBXFileReference; lastKnownFileType = sourcecode.swift; path = HomeInteractor.swift; sourceTree = "<group>"; };
		706B45B02C39167700896E58 /* HomeViewController.xib */ = {isa = PBXFileReference; lastKnownFileType = file.xib; path = HomeViewController.xib; sourceTree = "<group>"; };
		706B45B72C391E4700896E58 /* HomeEntity.swift */ = {isa = PBXFileReference; lastKnownFileType = sourcecode.swift; path = HomeEntity.swift; sourceTree = "<group>"; };
		706B45BB2C39C30D00896E58 /* HeaderView.swift */ = {isa = PBXFileReference; lastKnownFileType = sourcecode.swift; path = HeaderView.swift; sourceTree = "<group>"; };
		706B45BD2C39C31500896E58 /* HeaderView.xib */ = {isa = PBXFileReference; lastKnownFileType = file.xib; path = HeaderView.xib; sourceTree = "<group>"; };
		706B45C52C3A1A1900896E58 /* ShowViewCell.swift */ = {isa = PBXFileReference; lastKnownFileType = sourcecode.swift; path = ShowViewCell.swift; sourceTree = "<group>"; };
		706B45C62C3A1A1900896E58 /* ShowViewCell.xib */ = {isa = PBXFileReference; lastKnownFileType = file.xib; path = ShowViewCell.xib; sourceTree = "<group>"; };
		D96F318D5AC1C3BD69CDE320 /* Pods_moviessl.framework */ = {isa = PBXFileReference; explicitFileType = wrapper.framework; includeInIndex = 0; path = Pods_moviessl.framework; sourceTree = BUILT_PRODUCTS_DIR; };
		FD754F70884FADE3D5C7FDE7 /* Pods-moviessl.release.xcconfig */ = {isa = PBXFileReference; includeInIndex = 1; lastKnownFileType = text.xcconfig; name = "Pods-moviessl.release.xcconfig"; path = "Target Support Files/Pods-moviessl/Pods-moviessl.release.xcconfig"; sourceTree = "<group>"; };
/* End PBXFileReference section */

/* Begin PBXFrameworksBuildPhase section */
		706B455E2C37BE8D00896E58 /* Frameworks */ = {
			isa = PBXFrameworksBuildPhase;
			buildActionMask = 2147483647;
			files = (
				478FDEA1A75B28FEC1E9D912 /* Pods_moviessl.framework in Frameworks */,
			);
			runOnlyForDeploymentPostprocessing = 0;
		};
/* End PBXFrameworksBuildPhase section */

/* Begin PBXGroup section */
		017CBC5F90D3D6BDAED7ECB3 /* Pods */ = {
			isa = PBXGroup;
			children = (
				4CA506402566F5E32F331E38 /* Pods-moviessl.debug.xcconfig */,
				FD754F70884FADE3D5C7FDE7 /* Pods-moviessl.release.xcconfig */,
			);
			path = Pods;
			sourceTree = "<group>";
		};
		7027DAAC2C3A45A500FBB534 /* Download */ = {
			isa = PBXGroup;
			children = (
				7027DAAD2C3A45B900FBB534 /* DownloadImages.swift */,
				7027DAAF2C3A45F700FBB534 /* ImageSource.swift */,
			);
			path = Download;
			sourceTree = "<group>";
		};
		7027DAB12C3A4CE500FBB534 /* Details */ = {
			isa = PBXGroup;
			children = (
				7027DAB22C3A4CF900FBB534 /* DetailsPresenter.swift */,
				7027DAB32C3A4CF900FBB534 /* DetailsRouter.swift */,
				7027DAB42C3A4CF900FBB534 /* DetailsViewController.swift */,
				7027DAB52C3A4CF900FBB534 /* DetailsProtocols.swift */,
				7027DAB62C3A4CF900FBB534 /* DetailsInteractor.swift */,
				7027DAB72C3A4CF900FBB534 /* DetailsViewController.xib */,
			);
			path = Details;
			sourceTree = "<group>";
		};
		7027DABE2C3A657700FBB534 /* Modal */ = {
			isa = PBXGroup;
			children = (
				7027DABF2C3A658500FBB534 /* WebModal.swift */,
			);
			path = Modal;
			sourceTree = "<group>";
		};
		7027DAC12C3A690500FBB534 /* Data */ = {
			isa = PBXGroup;
			children = (
				7027DAC22C3A691000FBB534 /* DataManager.swift */,
			);
			path = Data;
			sourceTree = "<group>";
		};
		706B45582C37BE8D00896E58 = {
			isa = PBXGroup;
			children = (
				706B45632C37BE8D00896E58 /* moviessl */,
				706B45622C37BE8D00896E58 /* Products */,
				017CBC5F90D3D6BDAED7ECB3 /* Pods */,
				9FB0C25B666540DBA1CA082A /* Frameworks */,
			);
			sourceTree = "<group>";
		};
		706B45622C37BE8D00896E58 /* Products */ = {
			isa = PBXGroup;
			children = (
				706B45612C37BE8D00896E58 /* moviessl.app */,
			);
			name = Products;
			sourceTree = "<group>";
		};
		706B45632C37BE8D00896E58 /* moviessl */ = {
			isa = PBXGroup;
			children = (
				706B45642C37BE8D00896E58 /* AppDelegate.swift */,
				706B45662C37BE8D00896E58 /* SceneDelegate.swift */,
				706B45792C37C29000896E58 /* Utils */,
				706B457A2C37C29800896E58 /* Modules */,
				706B457B2C37C2A000896E58 /* WebServices */,
				706B456D2C37BE8E00896E58 /* Assets.xcassets */,
				706B456F2C37BE8E00896E58 /* LaunchScreen.storyboard */,
				706B45722C37BE8E00896E58 /* Info.plist */,
			);
			path = moviessl;
			sourceTree = "<group>";
		};
		706B45792C37C29000896E58 /* Utils */ = {
			isa = PBXGroup;
			children = (
				706B45B92C39C2DD00896E58 /* Commons */,
				706B457C2C37C2B000896E58 /* Extensions.swift */,
				706B45952C37C58C00896E58 /* Utils.swift */,
			);
			path = Utils;
			sourceTree = "<group>";
		};
		706B457A2C37C29800896E58 /* Modules */ = {
			isa = PBXGroup;
			children = (
				7027DAB12C3A4CE500FBB534 /* Details */,
				706B45AA2C39166900896E58 /* Home */,
				706B45992C38AEE700896E58 /* Signup */,
				706B457E2C37C38E00896E58 /* Login */,
			);
			path = Modules;
			sourceTree = "<group>";
		};
		706B457B2C37C2A000896E58 /* WebServices */ = {
			isa = PBXGroup;
			children = (
				706B458B2C37C4A000896E58 /* Data */,
				706B458C2C37C4B900896E58 /* MoviesServicesManager.swift */,
				706B458E2C37C4C400896E58 /* MoviesServicesManagerProtocol.swift */,
			);
			path = WebServices;
			sourceTree = "<group>";
		};
		706B457E2C37C38E00896E58 /* Login */ = {
			isa = PBXGroup;
			children = (
				706B45A82C38BAB100896E58 /* LoginEntity.swift */,
				706B457F2C37C39B00896E58 /* LoginPresenter.swift */,
				706B45802C37C39B00896E58 /* LoginRouter.swift */,
				706B45812C37C39B00896E58 /* LoginViewController.swift */,
				706B45822C37C39B00896E58 /* LoginProtocols.swift */,
				706B45832C37C39B00896E58 /* LoginInteractor.swift */,
				706B456A2C37BE8D00896E58 /* LoginViewController.storyboard */,
			);
			path = Login;
			sourceTree = "<group>";
		};
		706B458B2C37C4A000896E58 /* Data */ = {
			isa = PBXGroup;
			children = (
				706B45902C37C50600896E58 /* AsyncClientRequest.swift */,
				706B45972C37C73A00896E58 /* AsyncClientMoviesRequestModel.swift */,
			);
			path = Data;
			sourceTree = "<group>";
		};
		706B45992C38AEE700896E58 /* Signup */ = {
			isa = PBXGroup;
			children = (
				706B459C2C38AFA300896E58 /* SignupPresenter.swift */,
				706B459D2C38AFA300896E58 /* SignupRouter.swift */,
				706B459E2C38AFA300896E58 /* SignupViewController.swift */,
				706B459F2C38AFA300896E58 /* SignupProtocols.swift */,
				706B45A02C38AFA300896E58 /* SignupInteractor.swift */,
				706B45A12C38AFA300896E58 /* SignupViewController.xib */,
			);
			path = Signup;
			sourceTree = "<group>";
		};
		706B45AA2C39166900896E58 /* Home */ = {
			isa = PBXGroup;
			children = (
				706B45BF2C3A195000896E58 /* Views */,
				706B45B72C391E4700896E58 /* HomeEntity.swift */,
				706B45AB2C39167700896E58 /* HomePresenter.swift */,
				706B45AC2C39167700896E58 /* HomeRouter.swift */,
				706B45AD2C39167700896E58 /* HomeViewController.swift */,
				706B45AE2C39167700896E58 /* HomeProtocols.swift */,
				706B45AF2C39167700896E58 /* HomeInteractor.swift */,
				706B45B02C39167700896E58 /* HomeViewController.xib */,
			);
			path = Home;
			sourceTree = "<group>";
		};
		706B45B92C39C2DD00896E58 /* Commons */ = {
			isa = PBXGroup;
			children = (
				7027DAC12C3A690500FBB534 /* Data */,
				7027DABE2C3A657700FBB534 /* Modal */,
				7027DAAC2C3A45A500FBB534 /* Download */,
				706B45BA2C39C2FE00896E58 /* Header */,
			);
			path = Commons;
			sourceTree = "<group>";
		};
		706B45BA2C39C2FE00896E58 /* Header */ = {
			isa = PBXGroup;
			children = (
				706B45BB2C39C30D00896E58 /* HeaderView.swift */,
				706B45BD2C39C31500896E58 /* HeaderView.xib */,
			);
			path = Header;
			sourceTree = "<group>";
		};
		706B45BF2C3A195000896E58 /* Views */ = {
			isa = PBXGroup;
			children = (
				706B45C02C3A195900896E58 /* Show */,
			);
			path = Views;
			sourceTree = "<group>";
		};
		706B45C02C3A195900896E58 /* Show */ = {
			isa = PBXGroup;
			children = (
				706B45C52C3A1A1900896E58 /* ShowViewCell.swift */,
				706B45C62C3A1A1900896E58 /* ShowViewCell.xib */,
				7027DAA82C3A368100FBB534 /* ShowTableViewCell.swift */,
				7027DAA92C3A368100FBB534 /* ShowTableViewCell.xib */,
			);
			path = Show;
			sourceTree = "<group>";
		};
		9FB0C25B666540DBA1CA082A /* Frameworks */ = {
			isa = PBXGroup;
			children = (
				D96F318D5AC1C3BD69CDE320 /* Pods_moviessl.framework */,
			);
			name = Frameworks;
			sourceTree = "<group>";
		};
/* End PBXGroup section */

/* Begin PBXNativeTarget section */
		706B45602C37BE8D00896E58 /* moviessl */ = {
			isa = PBXNativeTarget;
			buildConfigurationList = 706B45752C37BE8E00896E58 /* Build configuration list for PBXNativeTarget "moviessl" */;
			buildPhases = (
				1DA42D83EA79B5FEECB00E46 /* [CP] Check Pods Manifest.lock */,
				706B455D2C37BE8D00896E58 /* Sources */,
				706B455E2C37BE8D00896E58 /* Frameworks */,
				706B455F2C37BE8D00896E58 /* Resources */,
				9CC8152D39CA5FB384CF989B /* [CP] Embed Pods Frameworks */,
			);
			buildRules = (
			);
			dependencies = (
			);
			name = moviessl;
			productName = moviessl;
			productReference = 706B45612C37BE8D00896E58 /* moviessl.app */;
			productType = "com.apple.product-type.application";
		};
/* End PBXNativeTarget section */

/* Begin PBXProject section */
		706B45592C37BE8D00896E58 /* Project object */ = {
			isa = PBXProject;
			attributes = {
				BuildIndependentTargetsInParallel = 1;
				LastSwiftUpdateCheck = 1530;
				LastUpgradeCheck = 1530;
				TargetAttributes = {
					706B45602C37BE8D00896E58 = {
						CreatedOnToolsVersion = 15.3;
					};
				};
			};
			buildConfigurationList = 706B455C2C37BE8D00896E58 /* Build configuration list for PBXProject "moviessl" */;
			compatibilityVersion = "Xcode 14.0";
			developmentRegion = en;
			hasScannedForEncodings = 0;
			knownRegions = (
				en,
				Base,
			);
			mainGroup = 706B45582C37BE8D00896E58;
			productRefGroup = 706B45622C37BE8D00896E58 /* Products */;
			projectDirPath = "";
			projectRoot = "";
			targets = (
				706B45602C37BE8D00896E58 /* moviessl */,
			);
		};
/* End PBXProject section */

/* Begin PBXResourcesBuildPhase section */
		706B455F2C37BE8D00896E58 /* Resources */ = {
			isa = PBXResourcesBuildPhase;
			buildActionMask = 2147483647;
			files = (
				706B456E2C37BE8E00896E58 /* Assets.xcassets in Resources */,
				706B45712C37BE8E00896E58 /* Base in Resources */,
				7027DAAB2C3A368100FBB534 /* ShowTableViewCell.xib in Resources */,
				706B45C82C3A1A1900896E58 /* ShowViewCell.xib in Resources */,
				706B45B62C39167700896E58 /* HomeViewController.xib in Resources */,
				706B45BE2C39C31500896E58 /* HeaderView.xib in Resources */,
				706B45A72C38AFA300896E58 /* SignupViewController.xib in Resources */,
				706B456C2C37BE8D00896E58 /* Base in Resources */,
				7027DABD2C3A4CF900FBB534 /* DetailsViewController.xib in Resources */,
			);
			runOnlyForDeploymentPostprocessing = 0;
		};
/* End PBXResourcesBuildPhase section */

/* Begin PBXShellScriptBuildPhase section */
		1DA42D83EA79B5FEECB00E46 /* [CP] Check Pods Manifest.lock */ = {
			isa = PBXShellScriptBuildPhase;
			buildActionMask = 2147483647;
			files = (
			);
			inputFileListPaths = (
			);
			inputPaths = (
				"${PODS_PODFILE_DIR_PATH}/Podfile.lock",
				"${PODS_ROOT}/Manifest.lock",
			);
			name = "[CP] Check Pods Manifest.lock";
			outputFileListPaths = (
			);
			outputPaths = (
				"$(DERIVED_FILE_DIR)/Pods-moviessl-checkManifestLockResult.txt",
			);
			runOnlyForDeploymentPostprocessing = 0;
			shellPath = /bin/sh;
			shellScript = "diff \"${PODS_PODFILE_DIR_PATH}/Podfile.lock\" \"${PODS_ROOT}/Manifest.lock\" > /dev/null\nif [ $? != 0 ] ; then\n    # print error to STDERR\n    echo \"error: The sandbox is not in sync with the Podfile.lock. Run 'pod install' or update your CocoaPods installation.\" >&2\n    exit 1\nfi\n# This output is used by Xcode 'outputs' to avoid re-running this script phase.\necho \"SUCCESS\" > \"${SCRIPT_OUTPUT_FILE_0}\"\n";
			showEnvVarsInLog = 0;
		};
		9CC8152D39CA5FB384CF989B /* [CP] Embed Pods Frameworks */ = {
			isa = PBXShellScriptBuildPhase;
			buildActionMask = 2147483647;
			files = (
			);
			inputFileListPaths = (
				"${PODS_ROOT}/Target Support Files/Pods-moviessl/Pods-moviessl-frameworks-${CONFIGURATION}-input-files.xcfilelist",
			);
			name = "[CP] Embed Pods Frameworks";
			outputFileListPaths = (
				"${PODS_ROOT}/Target Support Files/Pods-moviessl/Pods-moviessl-frameworks-${CONFIGURATION}-output-files.xcfilelist",
			);
			runOnlyForDeploymentPostprocessing = 0;
			shellPath = /bin/sh;
			shellScript = "\"${PODS_ROOT}/Target Support Files/Pods-moviessl/Pods-moviessl-frameworks.sh\"\n";
			showEnvVarsInLog = 0;
		};
/* End PBXShellScriptBuildPhase section */

/* Begin PBXSourcesBuildPhase section */
		706B455D2C37BE8D00896E58 /* Sources */ = {
			isa = PBXSourcesBuildPhase;
			buildActionMask = 2147483647;
			files = (
				706B45A22C38AFA300896E58 /* SignupPresenter.swift in Sources */,
				706B45A32C38AFA300896E58 /* SignupRouter.swift in Sources */,
				706B45A42C38AFA300896E58 /* SignupViewController.swift in Sources */,
				7027DAAE2C3A45B900FBB534 /* DownloadImages.swift in Sources */,
				706B45A52C38AFA300896E58 /* SignupProtocols.swift in Sources */,
				706B45A62C38AFA300896E58 /* SignupInteractor.swift in Sources */,
				706B45982C37C73A00896E58 /* AsyncClientMoviesRequestModel.swift in Sources */,
				706B45912C37C50600896E58 /* AsyncClientRequest.swift in Sources */,
				706B45962C37C58C00896E58 /* Utils.swift in Sources */,
				706B45652C37BE8D00896E58 /* AppDelegate.swift in Sources */,
				706B45A92C38BAB100896E58 /* LoginEntity.swift in Sources */,
				706B45B12C39167700896E58 /* HomePresenter.swift in Sources */,
				7027DAAA2C3A368100FBB534 /* ShowTableViewCell.swift in Sources */,
				7027DAB82C3A4CF900FBB534 /* DetailsPresenter.swift in Sources */,
				7027DAB92C3A4CF900FBB534 /* DetailsRouter.swift in Sources */,
				7027DABA2C3A4CF900FBB534 /* DetailsViewController.swift in Sources */,
				7027DABB2C3A4CF900FBB534 /* DetailsProtocols.swift in Sources */,
				7027DABC2C3A4CF900FBB534 /* DetailsInteractor.swift in Sources */,
				706B45B22C39167700896E58 /* HomeRouter.swift in Sources */,
				706B45B32C39167700896E58 /* HomeViewController.swift in Sources */,
				706B45B42C39167700896E58 /* HomeProtocols.swift in Sources */,
				706B45B52C39167700896E58 /* HomeInteractor.swift in Sources */,
				706B45672C37BE8D00896E58 /* SceneDelegate.swift in Sources */,
				706B45C72C3A1A1900896E58 /* ShowViewCell.swift in Sources */,
				7027DAC02C3A658500FBB534 /* WebModal.swift in Sources */,
				7027DAC32C3A691000FBB534 /* DataManager.swift in Sources */,
				706B45852C37C39B00896E58 /* LoginPresenter.swift in Sources */,
				706B458F2C37C4C400896E58 /* MoviesServicesManagerProtocol.swift in Sources */,
				706B45BC2C39C30D00896E58 /* HeaderView.swift in Sources */,
				706B45862C37C39B00896E58 /* LoginRouter.swift in Sources */,
				706B45872C37C39B00896E58 /* LoginViewController.swift in Sources */,
				706B45882C37C39B00896E58 /* LoginProtocols.swift in Sources */,
				7027DAB02C3A45F700FBB534 /* ImageSource.swift in Sources */,
				706B45892C37C39B00896E58 /* LoginInteractor.swift in Sources */,
				706B45B82C391E4700896E58 /* HomeEntity.swift in Sources */,
				706B458D2C37C4B900896E58 /* MoviesServicesManager.swift in Sources */,
				706B457D2C37C2B000896E58 /* Extensions.swift in Sources */,
			);
			runOnlyForDeploymentPostprocessing = 0;
		};
/* End PBXSourcesBuildPhase section */

/* Begin PBXVariantGroup section */
		706B456A2C37BE8D00896E58 /* LoginViewController.storyboard */ = {
			isa = PBXVariantGroup;
			children = (
				706B456B2C37BE8D00896E58 /* Base */,
			);
			name = LoginViewController.storyboard;
			sourceTree = "<group>";
		};
		706B456F2C37BE8E00896E58 /* LaunchScreen.storyboard */ = {
			isa = PBXVariantGroup;
			children = (
				706B45702C37BE8E00896E58 /* Base */,
			);
			name = LaunchScreen.storyboard;
			sourceTree = "<group>";
		};
/* End PBXVariantGroup section */

/* Begin XCBuildConfiguration section */
		706B45732C37BE8E00896E58 /* Debug */ = {
			isa = XCBuildConfiguration;
			buildSettings = {
				ALWAYS_SEARCH_USER_PATHS = NO;
				ASSETCATALOG_COMPILER_GENERATE_SWIFT_ASSET_SYMBOL_EXTENSIONS = YES;
				CLANG_ANALYZER_NONNULL = YES;
				CLANG_ANALYZER_NUMBER_OBJECT_CONVERSION = YES_AGGRESSIVE;
				CLANG_CXX_LANGUAGE_STANDARD = "gnu++20";
				CLANG_ENABLE_MODULES = YES;
				CLANG_ENABLE_OBJC_ARC = YES;
				CLANG_ENABLE_OBJC_WEAK = YES;
				CLANG_WARN_BLOCK_CAPTURE_AUTORELEASING = YES;
				CLANG_WARN_BOOL_CONVERSION = YES;
				CLANG_WARN_COMMA = YES;
				CLANG_WARN_CONSTANT_CONVERSION = YES;
				CLANG_WARN_DEPRECATED_OBJC_IMPLEMENTATIONS = YES;
				CLANG_WARN_DIRECT_OBJC_ISA_USAGE = YES_ERROR;
				CLANG_WARN_DOCUMENTATION_COMMENTS = YES;
				CLANG_WARN_EMPTY_BODY = YES;
				CLANG_WARN_ENUM_CONVERSION = YES;
				CLANG_WARN_INFINITE_RECURSION = YES;
				CLANG_WARN_INT_CONVERSION = YES;
				CLANG_WARN_NON_LITERAL_NULL_CONVERSION = YES;
				CLANG_WARN_OBJC_IMPLICIT_RETAIN_SELF = YES;
				CLANG_WARN_OBJC_LITERAL_CONVERSION = YES;
				CLANG_WARN_OBJC_ROOT_CLASS = YES_ERROR;
				CLANG_WARN_QUOTED_INCLUDE_IN_FRAMEWORK_HEADER = YES;
				CLANG_WARN_RANGE_LOOP_ANALYSIS = YES;
				CLANG_WARN_STRICT_PROTOTYPES = YES;
				CLANG_WARN_SUSPICIOUS_MOVE = YES;
				CLANG_WARN_UNGUARDED_AVAILABILITY = YES_AGGRESSIVE;
				CLANG_WARN_UNREACHABLE_CODE = YES;
				CLANG_WARN__DUPLICATE_METHOD_MATCH = YES;
				COPY_PHASE_STRIP = NO;
				DEBUG_INFORMATION_FORMAT = dwarf;
				ENABLE_STRICT_OBJC_MSGSEND = YES;
				ENABLE_TESTABILITY = YES;
				ENABLE_USER_SCRIPT_SANDBOXING = YES;
				GCC_C_LANGUAGE_STANDARD = gnu17;
				GCC_DYNAMIC_NO_PIC = NO;
				GCC_NO_COMMON_BLOCKS = YES;
				GCC_OPTIMIZATION_LEVEL = 0;
				GCC_PREPROCESSOR_DEFINITIONS = (
					"DEBUG=1",
					"$(inherited)",
				);
				GCC_WARN_64_TO_32_BIT_CONVERSION = YES;
				GCC_WARN_ABOUT_RETURN_TYPE = YES_ERROR;
				GCC_WARN_UNDECLARED_SELECTOR = YES;
				GCC_WARN_UNINITIALIZED_AUTOS = YES_AGGRESSIVE;
				GCC_WARN_UNUSED_FUNCTION = YES;
				GCC_WARN_UNUSED_VARIABLE = YES;
				IPHONEOS_DEPLOYMENT_TARGET = 17.4;
				LOCALIZATION_PREFERS_STRING_CATALOGS = YES;
				MTL_ENABLE_DEBUG_INFO = INCLUDE_SOURCE;
				MTL_FAST_MATH = YES;
				ONLY_ACTIVE_ARCH = YES;
				SDKROOT = iphoneos;
				SWIFT_ACTIVE_COMPILATION_CONDITIONS = "DEBUG $(inherited)";
				SWIFT_OPTIMIZATION_LEVEL = "-Onone";
			};
			name = Debug;
		};
		706B45742C37BE8E00896E58 /* Release */ = {
			isa = XCBuildConfiguration;
			buildSettings = {
				ALWAYS_SEARCH_USER_PATHS = NO;
				ASSETCATALOG_COMPILER_GENERATE_SWIFT_ASSET_SYMBOL_EXTENSIONS = YES;
				CLANG_ANALYZER_NONNULL = YES;
				CLANG_ANALYZER_NUMBER_OBJECT_CONVERSION = YES_AGGRESSIVE;
				CLANG_CXX_LANGUAGE_STANDARD = "gnu++20";
				CLANG_ENABLE_MODULES = YES;
				CLANG_ENABLE_OBJC_ARC = YES;
				CLANG_ENABLE_OBJC_WEAK = YES;
				CLANG_WARN_BLOCK_CAPTURE_AUTORELEASING = YES;
				CLANG_WARN_BOOL_CONVERSION = YES;
				CLANG_WARN_COMMA = YES;
				CLANG_WARN_CONSTANT_CONVERSION = YES;
				CLANG_WARN_DEPRECATED_OBJC_IMPLEMENTATIONS = YES;
				CLANG_WARN_DIRECT_OBJC_ISA_USAGE = YES_ERROR;
				CLANG_WARN_DOCUMENTATION_COMMENTS = YES;
				CLANG_WARN_EMPTY_BODY = YES;
				CLANG_WARN_ENUM_CONVERSION = YES;
				CLANG_WARN_INFINITE_RECURSION = YES;
				CLANG_WARN_INT_CONVERSION = YES;
				CLANG_WARN_NON_LITERAL_NULL_CONVERSION = YES;
				CLANG_WARN_OBJC_IMPLICIT_RETAIN_SELF = YES;
				CLANG_WARN_OBJC_LITERAL_CONVERSION = YES;
				CLANG_WARN_OBJC_ROOT_CLASS = YES_ERROR;
				CLANG_WARN_QUOTED_INCLUDE_IN_FRAMEWORK_HEADER = YES;
				CLANG_WARN_RANGE_LOOP_ANALYSIS = YES;
				CLANG_WARN_STRICT_PROTOTYPES = YES;
				CLANG_WARN_SUSPICIOUS_MOVE = YES;
				CLANG_WARN_UNGUARDED_AVAILABILITY = YES_AGGRESSIVE;
				CLANG_WARN_UNREACHABLE_CODE = YES;
				CLANG_WARN__DUPLICATE_METHOD_MATCH = YES;
				COPY_PHASE_STRIP = NO;
				DEBUG_INFORMATION_FORMAT = "dwarf-with-dsym";
				ENABLE_NS_ASSERTIONS = NO;
				ENABLE_STRICT_OBJC_MSGSEND = YES;
				ENABLE_USER_SCRIPT_SANDBOXING = YES;
				GCC_C_LANGUAGE_STANDARD = gnu17;
				GCC_NO_COMMON_BLOCKS = YES;
				GCC_WARN_64_TO_32_BIT_CONVERSION = YES;
				GCC_WARN_ABOUT_RETURN_TYPE = YES_ERROR;
				GCC_WARN_UNDECLARED_SELECTOR = YES;
				GCC_WARN_UNINITIALIZED_AUTOS = YES_AGGRESSIVE;
				GCC_WARN_UNUSED_FUNCTION = YES;
				GCC_WARN_UNUSED_VARIABLE = YES;
				IPHONEOS_DEPLOYMENT_TARGET = 17.4;
				LOCALIZATION_PREFERS_STRING_CATALOGS = YES;
				MTL_ENABLE_DEBUG_INFO = NO;
				MTL_FAST_MATH = YES;
				SDKROOT = iphoneos;
				SWIFT_COMPILATION_MODE = wholemodule;
				VALIDATE_PRODUCT = YES;
			};
			name = Release;
		};
		706B45762C37BE8E00896E58 /* Debug */ = {
			isa = XCBuildConfiguration;
			baseConfigurationReference = 4CA506402566F5E32F331E38 /* Pods-moviessl.debug.xcconfig */;
			buildSettings = {
				ASSETCATALOG_COMPILER_APPICON_NAME = AppIcon;
				ASSETCATALOG_COMPILER_GLOBAL_ACCENT_COLOR_NAME = AccentColor;
				CODE_SIGN_STYLE = Automatic;
				CURRENT_PROJECT_VERSION = 1;
				DEVELOPMENT_TEAM = 896897HK45;
				ENABLE_USER_SCRIPT_SANDBOXING = NO;
				GENERATE_INFOPLIST_FILE = YES;
				INFOPLIST_FILE = moviessl/Info.plist;
				INFOPLIST_KEY_UIApplicationSupportsIndirectInputEvents = YES;
				INFOPLIST_KEY_UILaunchStoryboardName = Laun;
				INFOPLIST_KEY_UIMainStoryboardFile = LoginViewController;
				INFOPLIST_KEY_UISupportedInterfaceOrientations = UIInterfaceOrientationPortrait;
				IPHONEOS_DEPLOYMENT_TARGET = 14.0;
				LD_RUNPATH_SEARCH_PATHS = (
					"$(inherited)",
					"@executable_path/Frameworks",
				);
				MARKETING_VERSION = 1.0;
				PRODUCT_BUNDLE_IDENTIFIER = JuanDev.moviessl;
				PRODUCT_NAME = "$(TARGET_NAME)";
				SWIFT_EMIT_LOC_STRINGS = YES;
				SWIFT_VERSION = 5.0;
				TARGETED_DEVICE_FAMILY = "1,2";
			};
			name = Debug;
		};
		706B45772C37BE8E00896E58 /* Release */ = {
			isa = XCBuildConfiguration;
			baseConfigurationReference = FD754F70884FADE3D5C7FDE7 /* Pods-moviessl.release.xcconfig */;
			buildSettings = {
				ASSETCATALOG_COMPILER_APPICON_NAME = AppIcon;
				ASSETCATALOG_COMPILER_GLOBAL_ACCENT_COLOR_NAME = AccentColor;
				CODE_SIGN_STYLE = Automatic;
				CURRENT_PROJECT_VERSION = 1;
				DEVELOPMENT_TEAM = 896897HK45;
				ENABLE_USER_SCRIPT_SANDBOXING = NO;
				GENERATE_INFOPLIST_FILE = YES;
				INFOPLIST_FILE = moviessl/Info.plist;
				INFOPLIST_KEY_UIApplicationSupportsIndirectInputEvents = YES;
				INFOPLIST_KEY_UILaunchStoryboardName = Laun;
				INFOPLIST_KEY_UIMainStoryboardFile = LoginViewController;
				INFOPLIST_KEY_UISupportedInterfaceOrientations = UIInterfaceOrientationPortrait;
				IPHONEOS_DEPLOYMENT_TARGET = 14.0;
				LD_RUNPATH_SEARCH_PATHS = (
					"$(inherited)",
					"@executable_path/Frameworks",
				);
				MARKETING_VERSION = 1.0;
				PRODUCT_BUNDLE_IDENTIFIER = JuanDev.moviessl;
				PRODUCT_NAME = "$(TARGET_NAME)";
				SWIFT_EMIT_LOC_STRINGS = YES;
				SWIFT_VERSION = 5.0;
				TARGETED_DEVICE_FAMILY = "1,2";
			};
			name = Release;
		};
/* End XCBuildConfiguration section */

/* Begin XCConfigurationList section */
		706B455C2C37BE8D00896E58 /* Build configuration list for PBXProject "moviessl" */ = {
			isa = XCConfigurationList;
			buildConfigurations = (
				706B45732C37BE8E00896E58 /* Debug */,
				706B45742C37BE8E00896E58 /* Release */,
			);
			defaultConfigurationIsVisible = 0;
			defaultConfigurationName = Release;
		};
		706B45752C37BE8E00896E58 /* Build configuration list for PBXNativeTarget "moviessl" */ = {
			isa = XCConfigurationList;
			buildConfigurations = (
				706B45762C37BE8E00896E58 /* Debug */,
				706B45772C37BE8E00896E58 /* Release */,
			);
			defaultConfigurationIsVisible = 0;
			defaultConfigurationName = Release;
		};
/* End XCConfigurationList section */
	};
	rootObject = 706B45592C37BE8D00896E58 /* Project object */;
}
